
Microsoft Visual Studio Solution File, Format Version 12.00
# Visual Studio 2013
VisualStudioVersion = 12.0.30723.0
MinimumVisualStudioVersion = 10.0.40219.1
Project("{FAE04EC0-301F-11D3-BF4B-00C04F79EFBC}") = "BuildTablesFromPdf.Console", "BuildTablesFromPdf.Console\BuildTablesFromPdf.Console.csproj", "{4079BDE2-6CAD-43C3-8C1B-A134840D95C1}"
EndProject
Project("{FAE04EC0-301F-11D3-BF4B-00C04F79EFBC}") = "BuildTablesFromPdf.Engine", "BuildTablesFromPdf.Engine\BuildTablesFromPdf.Engine.csproj", "{9883FA0A-CB8E-4053-A3E9-58FFE5269320}"
EndProject
Project("{FAE04EC0-301F-11D3-BF4B-00C04F79EFBC}") = "BuildTablesFromPdf.Renderer", "BuildTablesFromPdf.Renderer\BuildTablesFromPdf.Renderer.csproj", "{DF805107-8789-4B69-8BE0-74AAF113AC79}"
EndProject
Project("{2150E333-8FDC-42A3-9474-1A3956D46DE8}") = "Solution Items", "Solution Items", "{8CE7025E-9E95-4174-8CB8-D952AF0B77A1}"
	ProjectSection(SolutionItems) = preProject
		LICENSE = LICENSE
		README.md = README.md
	EndProjectSection
EndProject
Project("{FAE04EC0-301F-11D3-BF4B-00C04F79EFBC}") = "BuildTablesFromPdf.Engine.Test", "BuildTablesFromPdf.Engine.Test\BuildTablesFromPdf.Engine.Test.csproj", "{0EEDBCC7-E56A-435E-B41F-09953B8D9CFC}"
EndProject
Global
	GlobalSection(SolutionConfigurationPlatforms) = preSolution
		Debug|Any CPU = Debug|Any CPU
		Release|Any CPU = Release|Any CPU
	EndGlobalSection
	GlobalSection(ProjectConfigurationPlatforms) = postSolution
		{4079BDE2-6CAD-43C3-8C1B-A134840D95C1}.Debug|Any CPU.ActiveCfg = Debug|Any CPU
		{4079BDE2-6CAD-43C3-8C1B-A134840D95C1}.Debug|Any CPU.Build.0 = Debug|Any CPU
		{4079BDE2-6CAD-43C3-8C1B-A134840D95C1}.Release|Any CPU.ActiveCfg = Release|Any CPU
		{4079BDE2-6CAD-43C3-8C1B-A134840D95C1}.Release|Any CPU.Build.0 = Release|Any CPU
		{9883FA0A-CB8E-4053-A3E9-58FFE5269320}.Debug|Any CPU.ActiveCfg = Debug|Any CPU
		{9883FA0A-CB8E-4053-A3E9-58FFE5269320}.Debug|Any CPU.Build.0 = Debug|Any CPU
		{9883FA0A-CB8E-4053-A3E9-58FFE5269320}.Release|Any CPU.ActiveCfg = Release|Any CPU
		{9883FA0A-CB8E-4053-A3E9-58FFE5269320}.Release|Any CPU.Build.0 = Release|Any CPU
		{DF805107-8789-4B69-8BE0-74AAF113AC79}.Debug|Any CPU.ActiveCfg = Debug|Any CPU
		{DF805107-8789-4B69-8BE0-74AAF113AC79}.Debug|Any CPU.Build.0 = Debug|Any CPU
		{DF805107-8789-4B69-8BE0-74AAF113AC79}.Release|Any CPU.ActiveCfg = Release|Any CPU
		{DF805107-8789-4B69-8BE0-74AAF113AC79}.Release|Any CPU.Build.0 = Release|Any CPU
		{0EEDBCC7-E56A-435E-B41F-09953B8D9CFC}.Debug|Any CPU.ActiveCfg = Debug|Any CPU
		{0EEDBCC7-E56A-435E-B41F-09953B8D9CFC}.Debug|Any CPU.Build.0 = Debug|Any CPU
		{0EEDBCC7-E56A-435E-B41F-09953B8D9CFC}.Release|Any CPU.ActiveCfg = Release|Any CPU
		{0EEDBCC7-E56A-435E-B41F-09953B8D9CFC}.Release|Any CPU.Build.0 = Release|Any CPU
	EndGlobalSection
	GlobalSection(SolutionProperties) = preSolution
		HideSolutionNode = FALSE
	EndGlobalSection
EndGlobal
